
Microsoft Visual Studio Solution File, Format Version 12.00
# Visual Studio Version 17
VisualStudioVersion = 17.7.34003.232
MinimumVisualStudioVersion = 10.0.40219.1
Project("{8BC9CEB8-8B4A-11D0-8D11-00A0C91BC942}") = "Server", "Server\Server.vcxproj", "{312D6073-5987-4264-9079-955771F700ED}"
EndProject
Project("{8BC9CEB8-8B4A-11D0-8D11-00A0C91BC942}") = "Client", "Client\Client.vcxproj", "{A6CC51AA-A274-4F10-ADE1-B01DFE59D3E0}"
EndProject
Global
	GlobalSection(SolutionConfigurationPlatforms) = preSolution
		Debug|x64 = Debug|x64
		Debug|x86 = Debug|x86
		Release|x64 = Release|x64
		Release|x86 = Release|x86
	EndGlobalSection
	GlobalSection(ProjectConfigurationPlatforms) = postSolution
		{312D6073-5987-4264-9079-955771F700ED}.Debug|x64.ActiveCfg = Debug|x64
		{312D6073-5987-4264-9079-955771F700ED}.Debug|x64.Build.0 = Debug|x64
		{312D6073-5987-4264-9079-955771F700ED}.Debug|x86.ActiveCfg = Debug|Win32
		{312D6073-5987-4264-9079-955771F700ED}.Debug|x86.Build.0 = Debug|Win32
		{312D6073-5987-4264-9079-955771F700ED}.Release|x64.ActiveCfg = Release|x64
		{312D6073-5987-4264-9079-955771F700ED}.Release|x64.Build.0 = Release|x64
		{312D6073-5987-4264-9079-955771F700ED}.Release|x86.ActiveCfg = Release|Win32
		{312D6073-5987-4264-9079-955771F700ED}.Release|x86.Build.0 = Release|Win32
		{A6CC51AA-A274-4F10-ADE1-B01DFE59D3E0}.Debug|x64.ActiveCfg = Debug|x64
		{A6CC51AA-A274-4F10-ADE1-B01DFE59D3E0}.Debug|x64.Build.0 = Debug|x64
		{A6CC51AA-A274-4F10-ADE1-B01DFE59D3E0}.Debug|x86.ActiveCfg = Debug|Win32
		{A6CC51AA-A274-4F10-ADE1-B01DFE59D3E0}.Debug|x86.Build.0 = Debug|Win32
		{A6CC51AA-A274-4F10-ADE1-B01DFE59D3E0}.Release|x64.ActiveCfg = Release|x64
		{A6CC51AA-A274-4F10-ADE1-B01DFE59D3E0}.Release|x64.Build.0 = Release|x64
		{A6CC51AA-A274-4F10-ADE1-B01DFE59D3E0}.Release|x86.ActiveCfg = Release|Win32
		{A6CC51AA-A274-4F10-ADE1-B01DFE59D3E0}.Release|x86.Build.0 = Release|Win32
	EndGlobalSection
	GlobalSection(SolutionProperties) = preSolution
		HideSolutionNode = FALSE
	EndGlobalSection
	GlobalSection(ExtensibilityGlobals) = postSolution
		SolutionGuid = {9DFF64A2-CCC0-4E85-B470-446E346BBA8E}
	EndGlobalSection
EndGlobal
